Microsoft Visual Studio Solution File, Format Version 12.00
# Visual Studio Version 17
VisualStudioVersion = 17.13.35931.197
MinimumVisualStudioVersion = 10.0.40219.1
Project("{FAE04EC0-301F-11D3-BF4B-00C04F79EFBC}") = "MagicVilla_VillaAPI", "MagicVilla_VillaAPI\MagicVilla_VillaAPI.csproj", "{B9189354-BA9C-42A3-A51A-2EB73A860CD7}"
EndProject
Global
	GlobalSection(SolutionConfigurationPlatforms) = preSolution
		Debug|Any CPU = Debug|Any CPU
		Release|Any CPU = Release|Any CPU
	EndGlobalSection
	GlobalSection(ProjectConfigurationPlatforms) = postSolution
		{B9189354-BA9C-42A3-A51A-2EB73A860CD7}.Debug|Any CPU.ActiveCfg = Debug|Any CPU
		{B9189354-BA9C-42A3-A51A-2EB73A860CD7}.Debug|Any CPU.Build.0 = Debug|Any CPU
		{B9189354-BA9C-42A3-A51A-2EB73A860CD7}.Release|Any CPU.ActiveCfg = Release|Any CPU
		{B9189354-BA9C-42A3-A51A-2EB73A860CD7}.Release|Any CPU.Build.0 = Release|Any CPU
	EndGlobalSection
	GlobalSection(SolutionProperties) = preSolution
		HideSolutionNode = FALSE
	EndGlobalSection
	GlobalSection(ExtensibilityGlobals) = postSolution
		SolutionGuid = {0A845D60-B36C-4D64-9FFE-4C0925FD85C6}
	EndGlobalSection
EndGlobal
